// !$*UTF8*$!
{
	archiveVersion = 1;
	classes = {
	};
	objectVersion = 46;
	objects = {

/* Begin PBXBuildFile section */
		0490593F1C55060D00B1EC79 /* AppDelegate.swift in Sources */ = {isa = PBXBuildFile; fileRef = 0490593E1C55060D00B1EC79 /* AppDelegate.swift */; };
		049059461C55060D00B1EC79 /* Assets.xcassets in Resources */ = {isa = PBXBuildFile; fileRef = 049059451C55060D00B1EC79 /* Assets.xcassets */; };
		04B554361C55229A001C9D47 /* XNDiscoverTableViewController.swift in Sources */ = {isa = PBXBuildFile; fileRef = 04B554351C55229A001C9D47 /* XNDiscoverTableViewController.swift */; };
		04B554381C5522AF001C9D47 /* XNHomeTableViewController.swift in Sources */ = {isa = PBXBuildFile; fileRef = 04B554371C5522AF001C9D47 /* XNHomeTableViewController.swift */; };
		04B5543A1C5522C8001C9D47 /* XNMessageTableViewController.swift in Sources */ = {isa = PBXBuildFile; fileRef = 04B554391C5522C8001C9D47 /* XNMessageTableViewController.swift */; };
		04B5543C1C5522DC001C9D47 /* XNProfileTableViewController.swift in Sources */ = {isa = PBXBuildFile; fileRef = 04B5543B1C5522DC001C9D47 /* XNProfileTableViewController.swift */; };
		04B5543E1C5522F2001C9D47 /* XNMainTableViewController.swift in Sources */ = {isa = PBXBuildFile; fileRef = 04B5543D1C5522F2001C9D47 /* XNMainTableViewController.swift */; };
/* End PBXBuildFile section */

/* Begin PBXFileReference section */
		0490593B1C55060D00B1EC79 /* HsuSina.app */ = {isa = PBXFileReference; explicitFileType = wrapper.application; includeInIndex = 0; path = HsuSina.app; sourceTree = BUILT_PRODUCTS_DIR; };
		0490593E1C55060D00B1EC79 /* AppDelegate.swift */ = {isa = PBXFileReference; lastKnownFileType = sourcecode.swift; path = AppDelegate.swift; sourceTree = "<group>"; };
		049059451C55060D00B1EC79 /* Assets.xcassets */ = {isa = PBXFileReference; lastKnownFileType = folder.assetcatalog; path = Assets.xcassets; sourceTree = "<group>"; };
		0490594A1C55060D00B1EC79 /* Info.plist */ = {isa = PBXFileReference; lastKnownFileType = text.plist.xml; path = Info.plist; sourceTree = "<group>"; };
		04B554351C55229A001C9D47 /* XNDiscoverTableViewController.swift */ = {isa = PBXFileReference; fileEncoding = 4; lastKnownFileType = sourcecode.swift; path = XNDiscoverTableViewController.swift; sourceTree = "<group>"; };
		04B554371C5522AF001C9D47 /* XNHomeTableViewController.swift */ = {isa = PBXFileReference; fileEncoding = 4; lastKnownFileType = sourcecode.swift; path = XNHomeTableViewController.swift; sourceTree = "<group>"; };
		04B554391C5522C8001C9D47 /* XNMessageTableViewController.swift */ = {isa = PBXFileReference; fileEncoding = 4; lastKnownFileType = sourcecode.swift; path = XNMessageTableViewController.swift; sourceTree = "<group>"; };
		04B5543B1C5522DC001C9D47 /* XNProfileTableViewController.swift */ = {isa = PBXFileReference; fileEncoding = 4; lastKnownFileType = sourcecode.swift; path = XNProfileTableViewController.swift; sourceTree = "<group>"; };
		04B5543D1C5522F2001C9D47 /* XNMainTableViewController.swift */ = {isa = PBXFileReference; fileEncoding = 4; lastKnownFileType = sourcecode.swift; path = XNMainTableViewController.swift; sourceTree = "<group>"; };
/* End PBXFileReference section */

/* Begin PBXFrameworksBuildPhase section */
		049059381C55060D00B1EC79 /* Frameworks */ = {
			isa = PBXFrameworksBuildPhase;
			buildActionMask = 2147483647;
			files = (
			);
			runOnlyForDeploymentPostprocessing = 0;
		};
/* End PBXFrameworksBuildPhase section */

/* Begin PBXGroup section */
		049059321C55060D00B1EC79 = {
			isa = PBXGroup;
			children = (
				0490593D1C55060D00B1EC79 /* HsuSina */,
				0490593C1C55060D00B1EC79 /* Products */,
			);
			sourceTree = "<group>";
		};
		0490593C1C55060D00B1EC79 /* Products */ = {
			isa = PBXGroup;
			children = (
				0490593B1C55060D00B1EC79 /* HsuSina.app */,
			);
			name = Products;
			sourceTree = "<group>";
		};
		0490593D1C55060D00B1EC79 /* HsuSina */ = {
			isa = PBXGroup;
			children = (
				04B5542A1C5521CA001C9D47 /* Classes */,
				0490593E1C55060D00B1EC79 /* AppDelegate.swift */,
				049059451C55060D00B1EC79 /* Assets.xcassets */,
				0490594A1C55060D00B1EC79 /* Info.plist */,
			);
			path = HsuSina;
			sourceTree = "<group>";
		};
		04B5542A1C5521CA001C9D47 /* Classes */ = {
			isa = PBXGroup;
			children = (
				04B5542B1C5521CA001C9D47 /* Mode */,
				04B5542C1C5521CA001C9D47 /* Tools */,
				04B5542D1C5521CA001C9D47 /* View(视图和控制器) */,
				04B554341C5521CA001C9D47 /* ViewModel */,
			);
			path = Classes;
			sourceTree = "<group>";
		};
		04B5542B1C5521CA001C9D47 /* Mode */ = {
			isa = PBXGroup;
			children = (
			);
			path = Mode;
			sourceTree = "<group>";
		};
		04B5542C1C5521CA001C9D47 /* Tools */ = {
			isa = PBXGroup;
			children = (
			);
			path = Tools;
			sourceTree = "<group>";
		};
		04B5542D1C5521CA001C9D47 /* View(视图和控制器) */ = {
			isa = PBXGroup;
			children = (
				04B5542E1C5521CA001C9D47 /* Discover */,
				04B5542F1C5521CA001C9D47 /* Home */,
				04B554301C5521CA001C9D47 /* Main */,
				04B554321C5521CA001C9D47 /* Message */,
				04B554331C5521CA001C9D47 /* Profile */,
			);
			path = "View(视图和控制器)";
			sourceTree = "<group>";
		};
		04B5542E1C5521CA001C9D47 /* Discover */ = {
			isa = PBXGroup;
			children = (
				04B554351C55229A001C9D47 /* XNDiscoverTableViewController.swift */,
			);
			path = Discover;
			sourceTree = "<group>";
		};
		04B5542F1C5521CA001C9D47 /* Home */ = {
			isa = PBXGroup;
			children = (
				04B554371C5522AF001C9D47 /* XNHomeTableViewController.swift */,
			);
			path = Home;
			sourceTree = "<group>";
		};
		04B554301C5521CA001C9D47 /* Main */ = {
			isa = PBXGroup;
			children = (
				04B554311C5521CA001C9D47 /* Visitor */,
				04B5543D1C5522F2001C9D47 /* XNMainTableViewController.swift */,
			);
			path = Main;
			sourceTree = "<group>";
		};
		04B554311C5521CA001C9D47 /* Visitor */ = {
			isa = PBXGroup;
			children = (
			);
			path = Visitor;
			sourceTree = "<group>";
		};
		04B554321C5521CA001C9D47 /* Message */ = {
			isa = PBXGroup;
			children = (
				04B554391C5522C8001C9D47 /* XNMessageTableViewController.swift */,
			);
			path = Message;
			sourceTree = "<group>";
		};
		04B554331C5521CA001C9D47 /* Profile */ = {
			isa = PBXGroup;
			children = (
				04B5543B1C5522DC001C9D47 /* XNProfileTableViewController.swift */,
			);
			path = Profile;
			sourceTree = "<group>";
		};
		04B554341C5521CA001C9D47 /* ViewModel */ = {
			isa = PBXGroup;
			children = (
			);
			path = ViewModel;
			sourceTree = "<group>";
		};
/* End PBXGroup section */

/* Begin PBXNativeTarget section */
		0490593A1C55060D00B1EC79 /* HsuSina */ = {
			isa = PBXNativeTarget;
			buildConfigurationList = 0490594D1C55060D00B1EC79 /* Build configuration list for PBXNativeTarget "HsuSina" */;
			buildPhases = (
				049059371C55060D00B1EC79 /* Sources */,
				049059381C55060D00B1EC79 /* Frameworks */,
				049059391C55060D00B1EC79 /* Resources */,
			);
			buildRules = (
			);
			dependencies = (
			);
			name = HsuSina;
			productName = HsuSina;
			productReference = 0490593B1C55060D00B1EC79 /* HsuSina.app */;
			productType = "com.apple.product-type.application";
		};
/* End PBXNativeTarget section */

/* Begin PBXProject section */
		049059331C55060D00B1EC79 /* Project object */ = {
			isa = PBXProject;
			attributes = {
				CLASSPREFIX = XN;
				LastSwiftUpdateCheck = 0710;
				LastUpgradeCheck = 0710;
				ORGANIZATIONNAME = Hsu;
				TargetAttributes = {
					0490593A1C55060D00B1EC79 = {
						CreatedOnToolsVersion = 7.1;
					};
				};
			};
			buildConfigurationList = 049059361C55060D00B1EC79 /* Build configuration list for PBXProject "HsuSina" */;
			compatibilityVersion = "Xcode 3.2";
			developmentRegion = English;
			hasScannedForEncodings = 0;
			knownRegions = (
				en,
				Base,
			);
			mainGroup = 049059321C55060D00B1EC79;
			productRefGroup = 0490593C1C55060D00B1EC79 /* Products */;
			projectDirPath = "";
			projectRoot = "";
			targets = (
				0490593A1C55060D00B1EC79 /* HsuSina */,
			);
		};
/* End PBXProject section */

/* Begin PBXResourcesBuildPhase section */
		049059391C55060D00B1EC79 /* Resources */ = {
			isa = PBXResourcesBuildPhase;
			buildActionMask = 2147483647;
			files = (
				049059461C55060D00B1EC79 /* Assets.xcassets in Resources */,
			);
			runOnlyForDeploymentPostprocessing = 0;
		};
/* End PBXResourcesBuildPhase section */

/* Begin PBXSourcesBuildPhase section */
		049059371C55060D00B1EC79 /* Sources */ = {
			isa = PBXSourcesBuildPhase;
			buildActionMask = 2147483647;
			files = (
				04B5543A1C5522C8001C9D47 /* XNMessageTableViewController.swift in Sources */,
				04B554381C5522AF001C9D47 /* XNHomeTableViewController.swift in Sources */,
				0490593F1C55060D00B1EC79 /* AppDelegate.swift in Sources */,
				04B554361C55229A001C9D47 /* XNDiscoverTableViewController.swift in Sources */,
				04B5543E1C5522F2001C9D47 /* XNMainTableViewController.swift in Sources */,
				04B5543C1C5522DC001C9D47 /* XNProfileTableViewController.swift in Sources */,
			);
			runOnlyForDeploymentPostprocessing = 0;
		};
/* End PBXSourcesBuildPhase section */

/* Begin XCBuildConfiguration section */
		0490594B1C55060D00B1EC79 /* Debug */ = {
			isa = XCBuildConfiguration;
			buildSettings = {
				ALWAYS_SEARCH_USER_PATHS = NO;
				CLANG_CXX_LANGUAGE_STANDARD = "gnu++0x";
				CLANG_CXX_LIBRARY = "libc++";
				CLANG_ENABLE_MODULES = YES;
				CLANG_ENABLE_OBJC_ARC = YES;
				CLANG_WARN_BOOL_CONVERSION = YES;
				CLANG_WARN_CONSTANT_CONVERSION = YES;
				CLANG_WARN_DIRECT_OBJC_ISA_USAGE = YES_ERROR;
				CLANG_WARN_EMPTY_BODY = YES;
				CLANG_WARN_ENUM_CONVERSION = YES;
				CLANG_WARN_INT_CONVERSION = YES;
				CLANG_WARN_OBJC_ROOT_CLASS = YES_ERROR;
				CLANG_WARN_UNREACHABLE_CODE = YES;
				CLANG_WARN__DUPLICATE_METHOD_MATCH = YES;
				"CODE_SIGN_IDENTITY[sdk=iphoneos*]" = "iPhone Developer";
				COPY_PHASE_STRIP = NO;
				DEBUG_INFORMATION_FORMAT = dwarf;
				ENABLE_STRICT_OBJC_MSGSEND = YES;
				ENABLE_TESTABILITY = YES;
				GCC_C_LANGUAGE_STANDARD = gnu99;
				GCC_DYNAMIC_NO_PIC = NO;
				GCC_NO_COMMON_BLOCKS = YES;
				GCC_OPTIMIZATION_LEVEL = 0;
				GCC_PREPROCESSOR_DEFINITIONS = (
					"DEBUG=1",
					"$(inherited)",
				);
				GCC_WARN_64_TO_32_BIT_CONVERSION = YES;
				GCC_WARN_ABOUT_RETURN_TYPE = YES_ERROR;
				GCC_WARN_UNDECLARED_SELECTOR = YES;
				GCC_WARN_UNINITIALIZED_AUTOS = YES_AGGRESSIVE;
				GCC_WARN_UNUSED_FUNCTION = YES;
				GCC_WARN_UNUSED_VARIABLE = YES;
				IPHONEOS_DEPLOYMENT_TARGET = 9.1;
				MTL_ENABLE_DEBUG_INFO = YES;
				ONLY_ACTIVE_ARCH = YES;
				SDKROOT = iphoneos;
				SWIFT_OPTIMIZATION_LEVEL = "-Onone";
				TARGETED_DEVICE_FAMILY = "1,2";
			};
			name = Debug;
		};
		0490594C1C55060D00B1EC79 /* Release */ = {
			isa = XCBuildConfiguration;
			buildSettings = {
				ALWAYS_SEARCH_USER_PATHS = NO;
				CLANG_CXX_LANGUAGE_STANDARD = "gnu++0x";
				CLANG_CXX_LIBRARY = "libc++";
				CLANG_ENABLE_MODULES = YES;
				CLANG_ENABLE_OBJC_ARC = YES;
				CLANG_WARN_BOOL_CONVERSION = YES;
				CLANG_WARN_CONSTANT_CONVERSION = YES;
				CLANG_WARN_DIRECT_OBJC_ISA_USAGE = YES_ERROR;
				CLANG_WARN_EMPTY_BODY = YES;
				CLANG_WARN_ENUM_CONVERSION = YES;
				CLANG_WARN_INT_CONVERSION = YES;
				CLANG_WARN_OBJC_ROOT_CLASS = YES_ERROR;
				CLANG_WARN_UNREACHABLE_CODE = YES;
				CLANG_WARN__DUPLICATE_METHOD_MATCH = YES;
				"CODE_SIGN_IDENTITY[sdk=iphoneos*]" = "iPhone Developer";
				COPY_PHASE_STRIP = NO;
				DEBUG_INFORMATION_FORMAT = "dwarf-with-dsym";
				ENABLE_NS_ASSERTIONS = NO;
				ENABLE_STRICT_OBJC_MSGSEND = YES;
				GCC_C_LANGUAGE_STANDARD = gnu99;
				GCC_NO_COMMON_BLOCKS = YES;
				GCC_WARN_64_TO_32_BIT_CONVERSION = YES;
				GCC_WARN_ABOUT_RETURN_TYPE = YES_ERROR;
				GCC_WARN_UNDECLARED_SELECTOR = YES;
				GCC_WARN_UNINITIALIZED_AUTOS = YES_AGGRESSIVE;
				GCC_WARN_UNUSED_FUNCTION = YES;
				GCC_WARN_UNUSED_VARIABLE = YES;
				IPHONEOS_DEPLOYMENT_TARGET = 9.1;
				MTL_ENABLE_DEBUG_INFO = NO;
				SDKROOT = iphoneos;
				TARGETED_DEVICE_FAMILY = "1,2";
				VALIDATE_PRODUCT = YES;
			};
			name = Release;
		};
		0490594E1C55060D00B1EC79 /* Debug */ = {
			isa = XCBuildConfiguration;
			buildSettings = {
				ASSETCATALOG_COMPILER_APPICON_NAME = AppIcon;
				ASSETCATALOG_COMPILER_LAUNCHIMAGE_NAME = "Brand Assets";
				INFOPLIST_FILE = HsuSina/Info.plist;
				IPHONEOS_DEPLOYMENT_TARGET = 8.0;
				LD_RUNPATH_SEARCH_PATHS = "$(inherited) @executable_path/Frameworks";
				PRODUCT_BUNDLE_IDENTIFIER = com.tsuios.HsuSina;
				PRODUCT_NAME = "$(TARGET_NAME)";
				TARGETED_DEVICE_FAMILY = 1;
			};
			name = Debug;
		};
		0490594F1C55060D00B1EC79 /* Release */ = {
			isa = XCBuildConfiguration;
			buildSettings = {
				ASSETCATALOG_COMPILER_APPICON_NAME = AppIcon;
				ASSETCATALOG_COMPILER_LAUNCHIMAGE_NAME = "Brand Assets";
				INFOPLIST_FILE = HsuSina/Info.plist;
				IPHONEOS_DEPLOYMENT_TARGET = 8.0;
				LD_RUNPATH_SEARCH_PATHS = "$(inherited) @executable_path/Frameworks";
				PRODUCT_BUNDLE_IDENTIFIER = com.tsuios.HsuSina;
				PRODUCT_NAME = "$(TARGET_NAME)";
				TARGETED_DEVICE_FAMILY = 1;
			};
			name = Release;
		};
/* End XCBuildConfiguration section */

/* Begin XCConfigurationList section */
		049059361C55060D00B1EC79 /* Build configuration list for PBXProject "HsuSina" */ = {
			isa = XCConfigurationList;
			buildConfigurations = (
				0490594B1C55060D00B1EC79 /* Debug */,
				0490594C1C55060D00B1EC79 /* Release */,
			);
			defaultConfigurationIsVisible = 0;
			defaultConfigurationName = Release;
		};
		0490594D1C55060D00B1EC79 /* Build configuration list for PBXNativeTarget "HsuSina" */ = {
			isa = XCConfigurationList;
			buildConfigurations = (
				0490594E1C55060D00B1EC79 /* Debug */,
				0490594F1C55060D00B1EC79 /* Release */,
			);
			defaultConfigurationIsVisible = 0;
			defaultConfigurationName = Release;
		};
/* End XCConfigurationList section */
	};
	rootObject = 049059331C55060D00B1EC79 /* Project object */;
}
