// !$*UTF8*$!
{
	archiveVersion = 1;
	classes = {
	};
	objectVersion = 46;
	objects = {

/* Begin PBXBuildFile section */
		0403C1351C59E99600E00B97 /* XNNewFeatureViewController.swift in Sources */ = {isa = PBXBuildFile; fileRef = 0403C1341C59E99600E00B97 /* XNNewFeatureViewController.swift */; };
		0439C6001C55B58300297C41 /* XNVisitorTableViewController.swift in Sources */ = {isa = PBXBuildFile; fileRef = 0439C5FF1C55B58300297C41 /* XNVisitorTableViewController.swift */; };
		0439C6021C55C42200297C41 /* XNVisitorView.swift in Sources */ = {isa = PBXBuildFile; fileRef = 0439C6011C55C42200297C41 /* XNVisitorView.swift */; };
		046DEFA01C73488D0097B2CB /* XNCompseViewController.swift in Sources */ = {isa = PBXBuildFile; fileRef = 046DEF9F1C73488D0097B2CB /* XNCompseViewController.swift */; };
		0479B10E1C7611D2007D7ED9 /* UIBarButtonItem+Extension.swift in Sources */ = {isa = PBXBuildFile; fileRef = 0479B10D1C7611D2007D7ED9 /* UIBarButtonItem+Extension.swift */; };
		048D57D61C65C90200AAAAEF /* XNStatusRetweetedCell.swift in Sources */ = {isa = PBXBuildFile; fileRef = 048D57D51C65C90200AAAAEF /* XNStatusRetweetedCell.swift */; };
		048D57D81C65F5E700AAAAEF /* XNStatusNormalCell.swift in Sources */ = {isa = PBXBuildFile; fileRef = 048D57D71C65F5E700AAAAEF /* XNStatusNormalCell.swift */; };
		0490593F1C55060D00B1EC79 /* AppDelegate.swift in Sources */ = {isa = PBXBuildFile; fileRef = 0490593E1C55060D00B1EC79 /* AppDelegate.swift */; };
		049059461C55060D00B1EC79 /* Assets.xcassets in Resources */ = {isa = PBXBuildFile; fileRef = 049059451C55060D00B1EC79 /* Assets.xcassets */; };
		04957F071C572155002C6FCC /* NetworkTools.swift in Sources */ = {isa = PBXBuildFile; fileRef = 04957F061C572155002C6FCC /* NetworkTools.swift */; };
		04957F0C1C572D0F002C6FCC /* XNOAuthViewController.swift in Sources */ = {isa = PBXBuildFile; fileRef = 04957F0B1C572D0F002C6FCC /* XNOAuthViewController.swift */; };
		0498C3EA1C561A3D0067798D /* UILable+Extension.swift in Sources */ = {isa = PBXBuildFile; fileRef = 0498C3E91C561A3D0067798D /* UILable+Extension.swift */; };
		0498C3EC1C561EAB0067798D /* UIImageView+Extension.swift in Sources */ = {isa = PBXBuildFile; fileRef = 0498C3EB1C561EAB0067798D /* UIImageView+Extension.swift */; };
		04B554361C55229A001C9D47 /* XNDiscoverTableViewController.swift in Sources */ = {isa = PBXBuildFile; fileRef = 04B554351C55229A001C9D47 /* XNDiscoverTableViewController.swift */; };
		04B554381C5522AF001C9D47 /* XNHomeTableViewController.swift in Sources */ = {isa = PBXBuildFile; fileRef = 04B554371C5522AF001C9D47 /* XNHomeTableViewController.swift */; };
		04B5543A1C5522C8001C9D47 /* XNMessageTableViewController.swift in Sources */ = {isa = PBXBuildFile; fileRef = 04B554391C5522C8001C9D47 /* XNMessageTableViewController.swift */; };
		04B5543C1C5522DC001C9D47 /* XNProfileTableViewController.swift in Sources */ = {isa = PBXBuildFile; fileRef = 04B5543B1C5522DC001C9D47 /* XNProfileTableViewController.swift */; };
		04B554401C552477001C9D47 /* XNMainViewController.swift in Sources */ = {isa = PBXBuildFile; fileRef = 04B5543F1C552477001C9D47 /* XNMainViewController.swift */; };
		04B554451C552EC8001C9D47 /* UIButton+Extension.swift in Sources */ = {isa = PBXBuildFile; fileRef = 04B554441C552EC8001C9D47 /* UIButton+Extension.swift */; };
		04C251C41C57CEEA008AADC5 /* UserAccount.swift in Sources */ = {isa = PBXBuildFile; fileRef = 04C251C31C57CEEA008AADC5 /* UserAccount.swift */; };
		04CC8D4A1C5CDAF000B26EFB /* XNStatusPictureView.swift in Sources */ = {isa = PBXBuildFile; fileRef = 04CC8D491C5CDAF000B26EFB /* XNStatusPictureView.swift */; };
		04D7DAEF1C56768500D74194 /* Common.swift in Sources */ = {isa = PBXBuildFile; fileRef = 04D7DAEE1C56768500D74194 /* Common.swift */; };
		04E123451C585F38006ABA9C /* XNWelcomeViewController.swift in Sources */ = {isa = PBXBuildFile; fileRef = 04E123441C585F38006ABA9C /* XNWelcomeViewController.swift */; };
		04E123481C5885A5006ABA9C /* UserAccountViewModel.swift in Sources */ = {isa = PBXBuildFile; fileRef = 04E123471C5885A5006ABA9C /* UserAccountViewModel.swift */; };
		04EEF8341C772A7800CBE8CF /* PicturePickerController.swift in Sources */ = {isa = PBXBuildFile; fileRef = 04EEF8331C772A7800CBE8CF /* PicturePickerController.swift */; };
		04EEF8361C772A9B00CBE8CF /* UIImage+Extension.swift in Sources */ = {isa = PBXBuildFile; fileRef = 04EEF8351C772A9B00CBE8CF /* UIImage+Extension.swift */; };
		04EEF8421C772C6400CBE8CF /* EmoticonAttachment.swift in Sources */ = {isa = PBXBuildFile; fileRef = 04EEF8381C772C6400CBE8CF /* EmoticonAttachment.swift */; };
		04EEF8431C772C6400CBE8CF /* Emoticons.bundle in Resources */ = {isa = PBXBuildFile; fileRef = 04EEF8391C772C6400CBE8CF /* Emoticons.bundle */; };
		04EEF8441C772C6400CBE8CF /* EmoticonView.swift in Sources */ = {isa = PBXBuildFile; fileRef = 04EEF83A1C772C6400CBE8CF /* EmoticonView.swift */; };
		04EEF8451C772C6400CBE8CF /* Emoticon.swift in Sources */ = {isa = PBXBuildFile; fileRef = 04EEF83C1C772C6400CBE8CF /* Emoticon.swift */; };
		04EEF8461C772C6400CBE8CF /* EmoticonPackage.swift in Sources */ = {isa = PBXBuildFile; fileRef = 04EEF83D1C772C6400CBE8CF /* EmoticonPackage.swift */; };
		04EEF8471C772C6400CBE8CF /* String+Emoji.swift in Sources */ = {isa = PBXBuildFile; fileRef = 04EEF83E1C772C6400CBE8CF /* String+Emoji.swift */; };
		04EEF8481C772C6400CBE8CF /* UITextView+Emoticon.swift in Sources */ = {isa = PBXBuildFile; fileRef = 04EEF83F1C772C6400CBE8CF /* UITextView+Emoticon.swift */; };
		04EEF8491C772C6400CBE8CF /* EmoticonManager.swift in Sources */ = {isa = PBXBuildFile; fileRef = 04EEF8411C772C6400CBE8CF /* EmoticonManager.swift */; };
		04EEF84C1C7741A500CBE8CF /* XNPhotoBrowserViewController.swift in Sources */ = {isa = PBXBuildFile; fileRef = 04EEF84B1C7741A500CBE8CF /* XNPhotoBrowserViewController.swift */; };
		04F3DAA41C5A70AC0047FEC0 /* XNStatus.swift in Sources */ = {isa = PBXBuildFile; fileRef = 04F3DAA31C5A70AC0047FEC0 /* XNStatus.swift */; };
		04F3DAA81C5A79160047FEC0 /* StatusListViewModel.swift in Sources */ = {isa = PBXBuildFile; fileRef = 04F3DAA71C5A79160047FEC0 /* StatusListViewModel.swift */; };
		04F3DAAA1C5A827F0047FEC0 /* XNUser.swift in Sources */ = {isa = PBXBuildFile; fileRef = 04F3DAA91C5A827F0047FEC0 /* XNUser.swift */; };
		04F3DAAC1C5A86F10047FEC0 /* StatusViewModel.swift in Sources */ = {isa = PBXBuildFile; fileRef = 04F3DAAB1C5A86F10047FEC0 /* StatusViewModel.swift */; };
		04F3DAAF1C5A8A5B0047FEC0 /* XNStatusCell.swift in Sources */ = {isa = PBXBuildFile; fileRef = 04F3DAAE1C5A8A5B0047FEC0 /* XNStatusCell.swift */; };
		04F3DAB11C5A8A750047FEC0 /* XNStatusCellTopView.swift in Sources */ = {isa = PBXBuildFile; fileRef = 04F3DAB01C5A8A750047FEC0 /* XNStatusCellTopView.swift */; };
		04F3DAB31C5A8A8D0047FEC0 /* XNStatusCellBottomView.swift in Sources */ = {isa = PBXBuildFile; fileRef = 04F3DAB21C5A8A8D0047FEC0 /* XNStatusCellBottomView.swift */; };
		0DDA5977997DBCD79840A129 /* Pods.framework in Frameworks */ = {isa = PBXBuildFile; fileRef = 24C0A1525B40FE9160B0E94F /* Pods.framework */; };
/* End PBXBuildFile section */

/* Begin PBXFileReference section */
		0403C1341C59E99600E00B97 /* XNNewFeatureViewController.swift */ = {isa = PBXFileReference; fileEncoding = 4; lastKnownFileType = sourcecode.swift; path = XNNewFeatureViewController.swift; sourceTree = "<group>"; };
		0439C5FF1C55B58300297C41 /* XNVisitorTableViewController.swift */ = {isa = PBXFileReference; fileEncoding = 4; lastKnownFileType = sourcecode.swift; path = XNVisitorTableViewController.swift; sourceTree = "<group>"; };
		0439C6011C55C42200297C41 /* XNVisitorView.swift */ = {isa = PBXFileReference; fileEncoding = 4; lastKnownFileType = sourcecode.swift; path = XNVisitorView.swift; sourceTree = "<group>"; };
		046DEF9F1C73488D0097B2CB /* XNCompseViewController.swift */ = {isa = PBXFileReference; fileEncoding = 4; lastKnownFileType = sourcecode.swift; path = XNCompseViewController.swift; sourceTree = "<group>"; };
		0479B10D1C7611D2007D7ED9 /* UIBarButtonItem+Extension.swift */ = {isa = PBXFileReference; fileEncoding = 4; lastKnownFileType = sourcecode.swift; path = "UIBarButtonItem+Extension.swift"; sourceTree = "<group>"; };
		048D57D51C65C90200AAAAEF /* XNStatusRetweetedCell.swift */ = {isa = PBXFileReference; fileEncoding = 4; lastKnownFileType = sourcecode.swift; path = XNStatusRetweetedCell.swift; sourceTree = "<group>"; };
		048D57D71C65F5E700AAAAEF /* XNStatusNormalCell.swift */ = {isa = PBXFileReference; fileEncoding = 4; lastKnownFileType = sourcecode.swift; path = XNStatusNormalCell.swift; sourceTree = "<group>"; };
		0490593B1C55060D00B1EC79 /* HsuSina.app */ = {isa = PBXFileReference; explicitFileType = wrapper.application; includeInIndex = 0; path = HsuSina.app; sourceTree = BUILT_PRODUCTS_DIR; };
		0490593E1C55060D00B1EC79 /* AppDelegate.swift */ = {isa = PBXFileReference; lastKnownFileType = sourcecode.swift; path = AppDelegate.swift; sourceTree = "<group>"; };
		049059451C55060D00B1EC79 /* Assets.xcassets */ = {isa = PBXFileReference; lastKnownFileType = folder.assetcatalog; path = Assets.xcassets; sourceTree = "<group>"; };
		0490594A1C55060D00B1EC79 /* Info.plist */ = {isa = PBXFileReference; lastKnownFileType = text.plist.xml; path = Info.plist; sourceTree = "<group>"; };
		04957F061C572155002C6FCC /* NetworkTools.swift */ = {isa = PBXFileReference; fileEncoding = 4; lastKnownFileType = sourcecode.swift; path = NetworkTools.swift; sourceTree = "<group>"; };
		04957F0B1C572D0F002C6FCC /* XNOAuthViewController.swift */ = {isa = PBXFileReference; fileEncoding = 4; lastKnownFileType = sourcecode.swift; path = XNOAuthViewController.swift; sourceTree = "<group>"; };
		0498C3E91C561A3D0067798D /* UILable+Extension.swift */ = {isa = PBXFileReference; fileEncoding = 4; lastKnownFileType = sourcecode.swift; path = "UILable+Extension.swift"; sourceTree = "<group>"; };
		0498C3EB1C561EAB0067798D /* UIImageView+Extension.swift */ = {isa = PBXFileReference; fileEncoding = 4; lastKnownFileType = sourcecode.swift; path = "UIImageView+Extension.swift"; sourceTree = "<group>"; };
		04B554351C55229A001C9D47 /* XNDiscoverTableViewController.swift */ = {isa = PBXFileReference; fileEncoding = 4; lastKnownFileType = sourcecode.swift; path = XNDiscoverTableViewController.swift; sourceTree = "<group>"; };
		04B554371C5522AF001C9D47 /* XNHomeTableViewController.swift */ = {isa = PBXFileReference; fileEncoding = 4; lastKnownFileType = sourcecode.swift; path = XNHomeTableViewController.swift; sourceTree = "<group>"; };
		04B554391C5522C8001C9D47 /* XNMessageTableViewController.swift */ = {isa = PBXFileReference; fileEncoding = 4; lastKnownFileType = sourcecode.swift; path = XNMessageTableViewController.swift; sourceTree = "<group>"; };
		04B5543B1C5522DC001C9D47 /* XNProfileTableViewController.swift */ = {isa = PBXFileReference; fileEncoding = 4; lastKnownFileType = sourcecode.swift; path = XNProfileTableViewController.swift; sourceTree = "<group>"; };
		04B5543F1C552477001C9D47 /* XNMainViewController.swift */ = {isa = PBXFileReference; fileEncoding = 4; lastKnownFileType = sourcecode.swift; path = XNMainViewController.swift; sourceTree = "<group>"; };
		04B554441C552EC8001C9D47 /* UIButton+Extension.swift */ = {isa = PBXFileReference; fileEncoding = 4; lastKnownFileType = sourcecode.swift; path = "UIButton+Extension.swift"; sourceTree = "<group>"; };
		04C251C31C57CEEA008AADC5 /* UserAccount.swift */ = {isa = PBXFileReference; fileEncoding = 4; lastKnownFileType = sourcecode.swift; path = UserAccount.swift; sourceTree = "<group>"; };
		04CC8D491C5CDAF000B26EFB /* XNStatusPictureView.swift */ = {isa = PBXFileReference; fileEncoding = 4; lastKnownFileType = sourcecode.swift; path = XNStatusPictureView.swift; sourceTree = "<group>"; };
		04D7DAEE1C56768500D74194 /* Common.swift */ = {isa = PBXFileReference; fileEncoding = 4; lastKnownFileType = sourcecode.swift; path = Common.swift; sourceTree = "<group>"; };
		04E123441C585F38006ABA9C /* XNWelcomeViewController.swift */ = {isa = PBXFileReference; fileEncoding = 4; lastKnownFileType = sourcecode.swift; name = XNWelcomeViewController.swift; path = ../XNWelcomeViewController.swift; sourceTree = "<group>"; };
		04E123471C5885A5006ABA9C /* UserAccountViewModel.swift */ = {isa = PBXFileReference; fileEncoding = 4; lastKnownFileType = sourcecode.swift; path = UserAccountViewModel.swift; sourceTree = "<group>"; };
		04EEF8331C772A7800CBE8CF /* PicturePickerController.swift */ = {isa = PBXFileReference; fileEncoding = 4; lastKnownFileType = sourcecode.swift; path = PicturePickerController.swift; sourceTree = "<group>"; };
		04EEF8351C772A9B00CBE8CF /* UIImage+Extension.swift */ = {isa = PBXFileReference; fileEncoding = 4; lastKnownFileType = sourcecode.swift; path = "UIImage+Extension.swift"; sourceTree = "<group>"; };
		04EEF8381C772C6400CBE8CF /* EmoticonAttachment.swift */ = {isa = PBXFileReference; fileEncoding = 4; lastKnownFileType = sourcecode.swift; path = EmoticonAttachment.swift; sourceTree = "<group>"; };
		04EEF8391C772C6400CBE8CF /* Emoticons.bundle */ = {isa = PBXFileReference; lastKnownFileType = "wrapper.plug-in"; path = Emoticons.bundle; sourceTree = "<group>"; };
		04EEF83A1C772C6400CBE8CF /* EmoticonView.swift */ = {isa = PBXFileReference; fileEncoding = 4; lastKnownFileType = sourcecode.swift; path = EmoticonView.swift; sourceTree = "<group>"; };
		04EEF83C1C772C6400CBE8CF /* Emoticon.swift */ = {isa = PBXFileReference; fileEncoding = 4; lastKnownFileType = sourcecode.swift; path = Emoticon.swift; sourceTree = "<group>"; };
		04EEF83D1C772C6400CBE8CF /* EmoticonPackage.swift */ = {isa = PBXFileReference; fileEncoding = 4; lastKnownFileType = sourcecode.swift; path = EmoticonPackage.swift; sourceTree = "<group>"; };
		04EEF83E1C772C6400CBE8CF /* String+Emoji.swift */ = {isa = PBXFileReference; fileEncoding = 4; lastKnownFileType = sourcecode.swift; path = "String+Emoji.swift"; sourceTree = "<group>"; };
		04EEF83F1C772C6400CBE8CF /* UITextView+Emoticon.swift */ = {isa = PBXFileReference; fileEncoding = 4; lastKnownFileType = sourcecode.swift; path = "UITextView+Emoticon.swift"; sourceTree = "<group>"; };
		04EEF8411C772C6400CBE8CF /* EmoticonManager.swift */ = {isa = PBXFileReference; fileEncoding = 4; lastKnownFileType = sourcecode.swift; path = EmoticonManager.swift; sourceTree = "<group>"; };
		04EEF84B1C7741A500CBE8CF /* XNPhotoBrowserViewController.swift */ = {isa = PBXFileReference; fileEncoding = 4; lastKnownFileType = sourcecode.swift; path = XNPhotoBrowserViewController.swift; sourceTree = "<group>"; };
		04F3DAA31C5A70AC0047FEC0 /* XNStatus.swift */ = {isa = PBXFileReference; fileEncoding = 4; lastKnownFileType = sourcecode.swift; path = XNStatus.swift; sourceTree = "<group>"; };
		04F3DAA71C5A79160047FEC0 /* StatusListViewModel.swift */ = {isa = PBXFileReference; fileEncoding = 4; lastKnownFileType = sourcecode.swift; path = StatusListViewModel.swift; sourceTree = "<group>"; };
		04F3DAA91C5A827F0047FEC0 /* XNUser.swift */ = {isa = PBXFileReference; fileEncoding = 4; lastKnownFileType = sourcecode.swift; path = XNUser.swift; sourceTree = "<group>"; };
		04F3DAAB1C5A86F10047FEC0 /* StatusViewModel.swift */ = {isa = PBXFileReference; fileEncoding = 4; lastKnownFileType = sourcecode.swift; path = StatusViewModel.swift; sourceTree = "<group>"; };
		04F3DAAE1C5A8A5B0047FEC0 /* XNStatusCell.swift */ = {isa = PBXFileReference; fileEncoding = 4; lastKnownFileType = sourcecode.swift; path = XNStatusCell.swift; sourceTree = "<group>"; };
		04F3DAB01C5A8A750047FEC0 /* XNStatusCellTopView.swift */ = {isa = PBXFileReference; fileEncoding = 4; lastKnownFileType = sourcecode.swift; path = XNStatusCellTopView.swift; sourceTree = "<group>"; };
		04F3DAB21C5A8A8D0047FEC0 /* XNStatusCellBottomView.swift */ = {isa = PBXFileReference; fileEncoding = 4; lastKnownFileType = sourcecode.swift; path = XNStatusCellBottomView.swift; sourceTree = "<group>"; };
		0B6C504117CF5DEC64649093 /* Pods.debug.xcconfig */ = {isa = PBXFileReference; includeInIndex = 1; lastKnownFileType = text.xcconfig; name = Pods.debug.xcconfig; path = "Pods/Target Support Files/Pods/Pods.debug.xcconfig"; sourceTree = "<group>"; };
		24C0A1525B40FE9160B0E94F /* Pods.framework */ = {isa = PBXFileReference; explicitFileType = wrapper.framework; includeInIndex = 0; path = Pods.framework; sourceTree = BUILT_PRODUCTS_DIR; };
		77ADCA5D4572680FE1B97C54 /* Pods.release.xcconfig */ = {isa = PBXFileReference; includeInIndex = 1; lastKnownFileType = text.xcconfig; name = Pods.release.xcconfig; path = "Pods/Target Support Files/Pods/Pods.release.xcconfig"; sourceTree = "<group>"; };
/* End PBXFileReference section */

/* Begin PBXFrameworksBuildPhase section */
		049059381C55060D00B1EC79 /* Frameworks */ = {
			isa = PBXFrameworksBuildPhase;
			buildActionMask = 2147483647;
			files = (
				0DDA5977997DBCD79840A129 /* Pods.framework in Frameworks */,
			);
			runOnlyForDeploymentPostprocessing = 0;
		};
/* End PBXFrameworksBuildPhase section */

/* Begin PBXGroup section */
		046DEF9E1C7348760097B2CB /* Compose */ = {
			isa = PBXGroup;
			children = (
				046DEF9F1C73488D0097B2CB /* XNCompseViewController.swift */,
			);
			path = Compose;
			sourceTree = "<group>";
		};
		049059321C55060D00B1EC79 = {
			isa = PBXGroup;
			children = (
				0490593D1C55060D00B1EC79 /* HsuSina */,
				0490593C1C55060D00B1EC79 /* Products */,
				1D797E2631C438543C69A85C /* Pods */,
				7297F396F53684DCF6599C55 /* Frameworks */,
			);
			sourceTree = "<group>";
		};
		0490593C1C55060D00B1EC79 /* Products */ = {
			isa = PBXGroup;
			children = (
				0490593B1C55060D00B1EC79 /* HsuSina.app */,
			);
			name = Products;
			sourceTree = "<group>";
		};
		0490593D1C55060D00B1EC79 /* HsuSina */ = {
			isa = PBXGroup;
			children = (
				04B5542A1C5521CA001C9D47 /* Classes */,
				0490593E1C55060D00B1EC79 /* AppDelegate.swift */,
				049059451C55060D00B1EC79 /* Assets.xcassets */,
				0490594A1C55060D00B1EC79 /* Info.plist */,
			);
			path = HsuSina;
			sourceTree = "<group>";
		};
		04957F081C572CB9002C6FCC /* OAuth */ = {
			isa = PBXGroup;
			children = (
				04957F0B1C572D0F002C6FCC /* XNOAuthViewController.swift */,
			);
			path = OAuth;
			sourceTree = "<group>";
		};
		04B5542A1C5521CA001C9D47 /* Classes */ = {
			isa = PBXGroup;
			children = (
				04B5542B1C5521CA001C9D47 /* Mode */,
				04B5542C1C5521CA001C9D47 /* Tools */,
				04B5542D1C5521CA001C9D47 /* View(视图和控制器) */,
				04B554341C5521CA001C9D47 /* ViewModel */,
			);
			path = Classes;
			sourceTree = "<group>";
		};
		04B5542B1C5521CA001C9D47 /* Mode */ = {
			isa = PBXGroup;
			children = (
				04C251C31C57CEEA008AADC5 /* UserAccount.swift */,
				04F3DAA31C5A70AC0047FEC0 /* XNStatus.swift */,
				04F3DAA91C5A827F0047FEC0 /* XNUser.swift */,
			);
			path = Mode;
			sourceTree = "<group>";
		};
		04B5542C1C5521CA001C9D47 /* Tools */ = {
			isa = PBXGroup;
			children = (
				04EEF84A1C77416800CBE8CF /* PhotoBrowser(图片查看) */,
				04EEF8371C772C6400CBE8CF /* Emoticon(表情键盘) */,
				04EEF8321C772A7800CBE8CF /* PicturePicker(照片选择) */,
				04B554411C552E6E001C9D47 /* Extension */,
				04D7DAEE1C56768500D74194 /* Common.swift */,
				04957F061C572155002C6FCC /* NetworkTools.swift */,
			);
			path = Tools;
			sourceTree = "<group>";
		};
		04B5542D1C5521CA001C9D47 /* View(视图和控制器) */ = {
			isa = PBXGroup;
			children = (
				046DEF9E1C7348760097B2CB /* Compose */,
				04957F081C572CB9002C6FCC /* OAuth */,
				04B554301C5521CA001C9D47 /* Main */,
				04B5542F1C5521CA001C9D47 /* Home */,
				04B554321C5521CA001C9D47 /* Message */,
				04B5542E1C5521CA001C9D47 /* Discover */,
				04B554331C5521CA001C9D47 /* Profile */,
			);
			path = "View(视图和控制器)";
			sourceTree = "<group>";
		};
		04B5542E1C5521CA001C9D47 /* Discover */ = {
			isa = PBXGroup;
			children = (
				04B554351C55229A001C9D47 /* XNDiscoverTableViewController.swift */,
			);
			path = Discover;
			sourceTree = "<group>";
		};
		04B5542F1C5521CA001C9D47 /* Home */ = {
			isa = PBXGroup;
			children = (
				04F3DAAD1C5A8A2E0047FEC0 /* StatusCell */,
				04B554371C5522AF001C9D47 /* XNHomeTableViewController.swift */,
			);
			path = Home;
			sourceTree = "<group>";
		};
		04B554301C5521CA001C9D47 /* Main */ = {
			isa = PBXGroup;
			children = (
				04E123461C58630A006ABA9C /* NewFeature */,
				04B554311C5521CA001C9D47 /* Visitor */,
				04B5543F1C552477001C9D47 /* XNMainViewController.swift */,
			);
			path = Main;
			sourceTree = "<group>";
		};
		04B554311C5521CA001C9D47 /* Visitor */ = {
			isa = PBXGroup;
			children = (
				0439C5FF1C55B58300297C41 /* XNVisitorTableViewController.swift */,
				0439C6011C55C42200297C41 /* XNVisitorView.swift */,
			);
			path = Visitor;
			sourceTree = "<group>";
		};
		04B554321C5521CA001C9D47 /* Message */ = {
			isa = PBXGroup;
			children = (
				04B554391C5522C8001C9D47 /* XNMessageTableViewController.swift */,
			);
			path = Message;
			sourceTree = "<group>";
		};
		04B554331C5521CA001C9D47 /* Profile */ = {
			isa = PBXGroup;
			children = (
				04B5543B1C5522DC001C9D47 /* XNProfileTableViewController.swift */,
			);
			path = Profile;
			sourceTree = "<group>";
		};
		04B554341C5521CA001C9D47 /* ViewModel */ = {
			isa = PBXGroup;
			children = (
				04E123471C5885A5006ABA9C /* UserAccountViewModel.swift */,
				04F3DAA71C5A79160047FEC0 /* StatusListViewModel.swift */,
				04F3DAAB1C5A86F10047FEC0 /* StatusViewModel.swift */,
			);
			path = ViewModel;
			sourceTree = "<group>";
		};
		04B554411C552E6E001C9D47 /* Extension */ = {
			isa = PBXGroup;
			children = (
				04B554441C552EC8001C9D47 /* UIButton+Extension.swift */,
				0498C3E91C561A3D0067798D /* UILable+Extension.swift */,
				04EEF8351C772A9B00CBE8CF /* UIImage+Extension.swift */,
				0498C3EB1C561EAB0067798D /* UIImageView+Extension.swift */,
				0479B10D1C7611D2007D7ED9 /* UIBarButtonItem+Extension.swift */,
			);
			path = Extension;
			sourceTree = "<group>";
		};
		04E123461C58630A006ABA9C /* NewFeature */ = {
			isa = PBXGroup;
			children = (
				04E123441C585F38006ABA9C /* XNWelcomeViewController.swift */,
				0403C1341C59E99600E00B97 /* XNNewFeatureViewController.swift */,
			);
			path = NewFeature;
			sourceTree = "<group>";
		};
		04EEF8321C772A7800CBE8CF /* PicturePicker(照片选择) */ = {
			isa = PBXGroup;
			children = (
				04EEF8331C772A7800CBE8CF /* PicturePickerController.swift */,
			);
			name = "PicturePicker(照片选择)";
			path = PicturePicker;
			sourceTree = "<group>";
		};
		04EEF8371C772C6400CBE8CF /* Emoticon(表情键盘) */ = {
			isa = PBXGroup;
			children = (
				04EEF8381C772C6400CBE8CF /* EmoticonAttachment.swift */,
				04EEF8391C772C6400CBE8CF /* Emoticons.bundle */,
				04EEF83A1C772C6400CBE8CF /* EmoticonView.swift */,
				04EEF83B1C772C6400CBE8CF /* Model */,
				04EEF83E1C772C6400CBE8CF /* String+Emoji.swift */,
				04EEF83F1C772C6400CBE8CF /* UITextView+Emoticon.swift */,
				04EEF8401C772C6400CBE8CF /* ViewModel */,
			);
			name = "Emoticon(表情键盘)";
			path = Emoticon;
			sourceTree = "<group>";
		};
		04EEF83B1C772C6400CBE8CF /* Model */ = {
			isa = PBXGroup;
			children = (
				04EEF83C1C772C6400CBE8CF /* Emoticon.swift */,
				04EEF83D1C772C6400CBE8CF /* EmoticonPackage.swift */,
			);
			path = Model;
			sourceTree = "<group>";
		};
		04EEF8401C772C6400CBE8CF /* ViewModel */ = {
			isa = PBXGroup;
			children = (
				04EEF8411C772C6400CBE8CF /* EmoticonManager.swift */,
			);
			path = ViewModel;
			sourceTree = "<group>";
		};
		04EEF84A1C77416800CBE8CF /* PhotoBrowser(图片查看) */ = {
			isa = PBXGroup;
			children = (
				04EEF84B1C7741A500CBE8CF /* XNPhotoBrowserViewController.swift */,
			);
			name = "PhotoBrowser(图片查看)";
			path = PhotoBrowser;
			sourceTree = "<group>";
		};
		04F3DAAD1C5A8A2E0047FEC0 /* StatusCell */ = {
			isa = PBXGroup;
			children = (
				04F3DAAE1C5A8A5B0047FEC0 /* XNStatusCell.swift */,
				048D57D71C65F5E700AAAAEF /* XNStatusNormalCell.swift */,
				048D57D51C65C90200AAAAEF /* XNStatusRetweetedCell.swift */,
				04F3DAB01C5A8A750047FEC0 /* XNStatusCellTopView.swift */,
				04F3DAB21C5A8A8D0047FEC0 /* XNStatusCellBottomView.swift */,
				04CC8D491C5CDAF000B26EFB /* XNStatusPictureView.swift */,
			);
			path = StatusCell;
			sourceTree = "<group>";
		};
		1D797E2631C438543C69A85C /* Pods */ = {
			isa = PBXGroup;
			children = (
				0B6C504117CF5DEC64649093 /* Pods.debug.xcconfig */,
				77ADCA5D4572680FE1B97C54 /* Pods.release.xcconfig */,
			);
			name = Pods;
			sourceTree = "<group>";
		};
		7297F396F53684DCF6599C55 /* Frameworks */ = {
			isa = PBXGroup;
			children = (
				24C0A1525B40FE9160B0E94F /* Pods.framework */,
			);
			name = Frameworks;
			sourceTree = "<group>";
		};
/* End PBXGroup section */

/* Begin PBXNativeTarget section */
		0490593A1C55060D00B1EC79 /* HsuSina */ = {
			isa = PBXNativeTarget;
			buildConfigurationList = 0490594D1C55060D00B1EC79 /* Build configuration list for PBXNativeTarget "HsuSina" */;
			buildPhases = (
				0B52D6E8F229CEFC8375FDEF /* Check Pods Manifest.lock */,
				049059371C55060D00B1EC79 /* Sources */,
				049059381C55060D00B1EC79 /* Frameworks */,
				049059391C55060D00B1EC79 /* Resources */,
				F60D15EEA6E325D5815FDB15 /* Embed Pods Frameworks */,
				A6AD85DA87425D699FB9ACA7 /* Copy Pods Resources */,
			);
			buildRules = (
			);
			dependencies = (
			);
			name = HsuSina;
			productName = HsuSina;
			productReference = 0490593B1C55060D00B1EC79 /* HsuSina.app */;
			productType = "com.apple.product-type.application";
		};
/* End PBXNativeTarget section */

/* Begin PBXProject section */
		049059331C55060D00B1EC79 /* Project object */ = {
			isa = PBXProject;
			attributes = {
				CLASSPREFIX = XN;
				LastSwiftUpdateCheck = 0710;
				LastUpgradeCheck = 0710;
				ORGANIZATIONNAME = Hsu;
				TargetAttributes = {
					0490593A1C55060D00B1EC79 = {
						CreatedOnToolsVersion = 7.1;
					};
				};
			};
			buildConfigurationList = 049059361C55060D00B1EC79 /* Build configuration list for PBXProject "HsuSina" */;
			compatibilityVersion = "Xcode 3.2";
			developmentRegion = English;
			hasScannedForEncodings = 0;
			knownRegions = (
				en,
				Base,
			);
			mainGroup = 049059321C55060D00B1EC79;
			productRefGroup = 0490593C1C55060D00B1EC79 /* Products */;
			projectDirPath = "";
			projectRoot = "";
			targets = (
				0490593A1C55060D00B1EC79 /* HsuSina */,
			);
		};
/* End PBXProject section */

/* Begin PBXResourcesBuildPhase section */
		049059391C55060D00B1EC79 /* Resources */ = {
			isa = PBXResourcesBuildPhase;
			buildActionMask = 2147483647;
			files = (
				049059461C55060D00B1EC79 /* Assets.xcassets in Resources */,
				04EEF8431C772C6400CBE8CF /* Emoticons.bundle in Resources */,
			);
			runOnlyForDeploymentPostprocessing = 0;
		};
/* End PBXResourcesBuildPhase section */

/* Begin PBXShellScriptBuildPhase section */
		0B52D6E8F229CEFC8375FDEF /* Check Pods Manifest.lock */ = {
			isa = PBXShellScriptBuildPhase;
			buildActionMask = 2147483647;
			files = (
			);
			inputPaths = (
			);
			name = "Check Pods Manifest.lock";
			outputPaths = (
			);
			runOnlyForDeploymentPostprocessing = 0;
			shellPath = /bin/sh;
			shellScript = "diff \"${PODS_ROOT}/../Podfile.lock\" \"${PODS_ROOT}/Manifest.lock\" > /dev/null\nif [[ $? != 0 ]] ; then\n    cat << EOM\nerror: The sandbox is not in sync with the Podfile.lock. Run 'pod install' or update your CocoaPods installation.\nEOM\n    exit 1\nfi\n";
			showEnvVarsInLog = 0;
		};
		A6AD85DA87425D699FB9ACA7 /* Copy Pods Resources */ = {
			isa = PBXShellScriptBuildPhase;
			buildActionMask = 2147483647;
			files = (
			);
			inputPaths = (
			);
			name = "Copy Pods Resources";
			outputPaths = (
			);
			runOnlyForDeploymentPostprocessing = 0;
			shellPath = /bin/sh;
			shellScript = "\"${SRCROOT}/Pods/Target Support Files/Pods/Pods-resources.sh\"\n";
			showEnvVarsInLog = 0;
		};
		F60D15EEA6E325D5815FDB15 /* Embed Pods Frameworks */ = {
			isa = PBXShellScriptBuildPhase;
			buildActionMask = 2147483647;
			files = (
			);
			inputPaths = (
			);
			name = "Embed Pods Frameworks";
			outputPaths = (
			);
			runOnlyForDeploymentPostprocessing = 0;
			shellPath = /bin/sh;
			shellScript = "\"${SRCROOT}/Pods/Target Support Files/Pods/Pods-frameworks.sh\"\n";
			showEnvVarsInLog = 0;
		};
/* End PBXShellScriptBuildPhase section */

/* Begin PBXSourcesBuildPhase section */
		049059371C55060D00B1EC79 /* Sources */ = {
			isa = PBXSourcesBuildPhase;
			buildActionMask = 2147483647;
			files = (
				04EEF8491C772C6400CBE8CF /* EmoticonManager.swift in Sources */,
				04B5543A1C5522C8001C9D47 /* XNMessageTableViewController.swift in Sources */,
				048D57D61C65C90200AAAAEF /* XNStatusRetweetedCell.swift in Sources */,
				04EEF8461C772C6400CBE8CF /* EmoticonPackage.swift in Sources */,
				04F3DAAA1C5A827F0047FEC0 /* XNUser.swift in Sources */,
				046DEFA01C73488D0097B2CB /* XNCompseViewController.swift in Sources */,
				04EEF8481C772C6400CBE8CF /* UITextView+Emoticon.swift in Sources */,
				04B554381C5522AF001C9D47 /* XNHomeTableViewController.swift in Sources */,
				04F3DAA41C5A70AC0047FEC0 /* XNStatus.swift in Sources */,
				04EEF8451C772C6400CBE8CF /* Emoticon.swift in Sources */,
				04F3DAB11C5A8A750047FEC0 /* XNStatusCellTopView.swift in Sources */,
				048D57D81C65F5E700AAAAEF /* XNStatusNormalCell.swift in Sources */,
				04EEF8421C772C6400CBE8CF /* EmoticonAttachment.swift in Sources */,
				0498C3EA1C561A3D0067798D /* UILable+Extension.swift in Sources */,
				04E123481C5885A5006ABA9C /* UserAccountViewModel.swift in Sources */,
				04EEF8341C772A7800CBE8CF /* PicturePickerController.swift in Sources */,
				04EEF84C1C7741A500CBE8CF /* XNPhotoBrowserViewController.swift in Sources */,
				04EEF8471C772C6400CBE8CF /* String+Emoji.swift in Sources */,
				0439C6021C55C42200297C41 /* XNVisitorView.swift in Sources */,
				04D7DAEF1C56768500D74194 /* Common.swift in Sources */,
				0439C6001C55B58300297C41 /* XNVisitorTableViewController.swift in Sources */,
				0490593F1C55060D00B1EC79 /* AppDelegate.swift in Sources */,
				04B554401C552477001C9D47 /* XNMainViewController.swift in Sources */,
				04F3DAA81C5A79160047FEC0 /* StatusListViewModel.swift in Sources */,
				0498C3EC1C561EAB0067798D /* UIImageView+Extension.swift in Sources */,
				0403C1351C59E99600E00B97 /* XNNewFeatureViewController.swift in Sources */,
				04E123451C585F38006ABA9C /* XNWelcomeViewController.swift in Sources */,
				04B554361C55229A001C9D47 /* XNDiscoverTableViewController.swift in Sources */,
				04957F0C1C572D0F002C6FCC /* XNOAuthViewController.swift in Sources */,
				04B5543C1C5522DC001C9D47 /* XNProfileTableViewController.swift in Sources */,
				0479B10E1C7611D2007D7ED9 /* UIBarButtonItem+Extension.swift in Sources */,
				04CC8D4A1C5CDAF000B26EFB /* XNStatusPictureView.swift in Sources */,
				04F3DAAC1C5A86F10047FEC0 /* StatusViewModel.swift in Sources */,
				04957F071C572155002C6FCC /* NetworkTools.swift in Sources */,
				04EEF8441C772C6400CBE8CF /* EmoticonView.swift in Sources */,
				04EEF8361C772A9B00CBE8CF /* UIImage+Extension.swift in Sources */,
				04B554451C552EC8001C9D47 /* UIButton+Extension.swift in Sources */,
				04F3DAAF1C5A8A5B0047FEC0 /* XNStatusCell.swift in Sources */,
				04F3DAB31C5A8A8D0047FEC0 /* XNStatusCellBottomView.swift in Sources */,
				04C251C41C57CEEA008AADC5 /* UserAccount.swift in Sources */,
			);
			runOnlyForDeploymentPostprocessing = 0;
		};
/* End PBXSourcesBuildPhase section */

/* Begin XCBuildConfiguration section */
		0490594B1C55060D00B1EC79 /* Debug */ = {
			isa = XCBuildConfiguration;
			buildSettings = {
				ALWAYS_SEARCH_USER_PATHS = NO;
				CLANG_CXX_LANGUAGE_STANDARD = "gnu++0x";
				CLANG_CXX_LIBRARY = "libc++";
				CLANG_ENABLE_MODULES = YES;
				CLANG_ENABLE_OBJC_ARC = YES;
				CLANG_WARN_BOOL_CONVERSION = YES;
				CLANG_WARN_CONSTANT_CONVERSION = YES;
				CLANG_WARN_DIRECT_OBJC_ISA_USAGE = YES_ERROR;
				CLANG_WARN_EMPTY_BODY = YES;
				CLANG_WARN_ENUM_CONVERSION = YES;
				CLANG_WARN_INT_CONVERSION = YES;
				CLANG_WARN_OBJC_ROOT_CLASS = YES_ERROR;
				CLANG_WARN_UNREACHABLE_CODE = YES;
				CLANG_WARN__DUPLICATE_METHOD_MATCH = YES;
				"CODE_SIGN_IDENTITY[sdk=iphoneos*]" = "iPhone Developer";
				COPY_PHASE_STRIP = NO;
				DEBUG_INFORMATION_FORMAT = dwarf;
				ENABLE_STRICT_OBJC_MSGSEND = YES;
				ENABLE_TESTABILITY = YES;
				GCC_C_LANGUAGE_STANDARD = gnu99;
				GCC_DYNAMIC_NO_PIC = NO;
				GCC_NO_COMMON_BLOCKS = YES;
				GCC_OPTIMIZATION_LEVEL = 0;
				GCC_PREPROCESSOR_DEFINITIONS = (
					"DEBUG=1",
					"$(inherited)",
				);
				GCC_WARN_64_TO_32_BIT_CONVERSION = YES;
				GCC_WARN_ABOUT_RETURN_TYPE = YES_ERROR;
				GCC_WARN_UNDECLARED_SELECTOR = YES;
				GCC_WARN_UNINITIALIZED_AUTOS = YES_AGGRESSIVE;
				GCC_WARN_UNUSED_FUNCTION = YES;
				GCC_WARN_UNUSED_VARIABLE = YES;
				IPHONEOS_DEPLOYMENT_TARGET = 9.1;
				MTL_ENABLE_DEBUG_INFO = YES;
				ONLY_ACTIVE_ARCH = YES;
				SDKROOT = iphoneos;
				SWIFT_OPTIMIZATION_LEVEL = "-Onone";
				TARGETED_DEVICE_FAMILY = "1,2";
			};
			name = Debug;
		};
		0490594C1C55060D00B1EC79 /* Release */ = {
			isa = XCBuildConfiguration;
			buildSettings = {
				ALWAYS_SEARCH_USER_PATHS = NO;
				CLANG_CXX_LANGUAGE_STANDARD = "gnu++0x";
				CLANG_CXX_LIBRARY = "libc++";
				CLANG_ENABLE_MODULES = YES;
				CLANG_ENABLE_OBJC_ARC = YES;
				CLANG_WARN_BOOL_CONVERSION = YES;
				CLANG_WARN_CONSTANT_CONVERSION = YES;
				CLANG_WARN_DIRECT_OBJC_ISA_USAGE = YES_ERROR;
				CLANG_WARN_EMPTY_BODY = YES;
				CLANG_WARN_ENUM_CONVERSION = YES;
				CLANG_WARN_INT_CONVERSION = YES;
				CLANG_WARN_OBJC_ROOT_CLASS = YES_ERROR;
				CLANG_WARN_UNREACHABLE_CODE = YES;
				CLANG_WARN__DUPLICATE_METHOD_MATCH = YES;
				"CODE_SIGN_IDENTITY[sdk=iphoneos*]" = "iPhone Developer";
				COPY_PHASE_STRIP = NO;
				DEBUG_INFORMATION_FORMAT = "dwarf-with-dsym";
				ENABLE_NS_ASSERTIONS = NO;
				ENABLE_STRICT_OBJC_MSGSEND = YES;
				GCC_C_LANGUAGE_STANDARD = gnu99;
				GCC_NO_COMMON_BLOCKS = YES;
				GCC_WARN_64_TO_32_BIT_CONVERSION = YES;
				GCC_WARN_ABOUT_RETURN_TYPE = YES_ERROR;
				GCC_WARN_UNDECLARED_SELECTOR = YES;
				GCC_WARN_UNINITIALIZED_AUTOS = YES_AGGRESSIVE;
				GCC_WARN_UNUSED_FUNCTION = YES;
				GCC_WARN_UNUSED_VARIABLE = YES;
				IPHONEOS_DEPLOYMENT_TARGET = 9.1;
				MTL_ENABLE_DEBUG_INFO = NO;
				SDKROOT = iphoneos;
				TARGETED_DEVICE_FAMILY = "1,2";
				VALIDATE_PRODUCT = YES;
			};
			name = Release;
		};
		0490594E1C55060D00B1EC79 /* Debug */ = {
			isa = XCBuildConfiguration;
			baseConfigurationReference = 0B6C504117CF5DEC64649093 /* Pods.debug.xcconfig */;
			buildSettings = {
				ASSETCATALOG_COMPILER_APPICON_NAME = AppIcon;
				ASSETCATALOG_COMPILER_LAUNCHIMAGE_NAME = "Brand Assets";
				INFOPLIST_FILE = HsuSina/Info.plist;
				IPHONEOS_DEPLOYMENT_TARGET = 8.0;
				LD_RUNPATH_SEARCH_PATHS = "$(inherited) @executable_path/Frameworks";
				PRODUCT_BUNDLE_IDENTIFIER = com.tsuios.HsuSina;
				PRODUCT_NAME = "$(TARGET_NAME)";
				TARGETED_DEVICE_FAMILY = 1;
			};
			name = Debug;
		};
		0490594F1C55060D00B1EC79 /* Release */ = {
			isa = XCBuildConfiguration;
			baseConfigurationReference = 77ADCA5D4572680FE1B97C54 /* Pods.release.xcconfig */;
			buildSettings = {
				ASSETCATALOG_COMPILER_APPICON_NAME = AppIcon;
				ASSETCATALOG_COMPILER_LAUNCHIMAGE_NAME = "Brand Assets";
				INFOPLIST_FILE = HsuSina/Info.plist;
				IPHONEOS_DEPLOYMENT_TARGET = 8.0;
				LD_RUNPATH_SEARCH_PATHS = "$(inherited) @executable_path/Frameworks";
				PRODUCT_BUNDLE_IDENTIFIER = com.tsuios.HsuSina;
				PRODUCT_NAME = "$(TARGET_NAME)";
				TARGETED_DEVICE_FAMILY = 1;
			};
			name = Release;
		};
/* End XCBuildConfiguration section */

/* Begin XCConfigurationList section */
		049059361C55060D00B1EC79 /* Build configuration list for PBXProject "HsuSina" */ = {
			isa = XCConfigurationList;
			buildConfigurations = (
				0490594B1C55060D00B1EC79 /* Debug */,
				0490594C1C55060D00B1EC79 /* Release */,
			);
			defaultConfigurationIsVisible = 0;
			defaultConfigurationName = Release;
		};
		0490594D1C55060D00B1EC79 /* Build configuration list for PBXNativeTarget "HsuSina" */ = {
			isa = XCConfigurationList;
			buildConfigurations = (
				0490594E1C55060D00B1EC79 /* Debug */,
				0490594F1C55060D00B1EC79 /* Release */,
			);
			defaultConfigurationIsVisible = 0;
			defaultConfigurationName = Release;
		};
/* End XCConfigurationList section */
	};
	rootObject = 049059331C55060D00B1EC79 /* Project object */;
}
